
Microsoft Visual Studio Solution File, Format Version 12.00
# Visual Studio 15
VisualStudioVersion = 15.0.27130.2027
MinimumVisualStudioVersion = 10.0.40219.1
Project("{FAE04EC0-301F-11D3-BF4B-00C04F79EFBC}") = "PlcSandbox", "PlcSandbox\PlcSandbox.csproj", "{8C51DCAC-21EE-4D2D-B33D-EEB674CCF70A}"
EndProject
Project("{FAE04EC0-301F-11D3-BF4B-00C04F79EFBC}") = "PlcSandbox.Tests", "PlcSandbox.Tests\PlcSandbox.Tests.csproj", "{DFE58BA5-C6BC-4F7C-9F59-9A260C8B7930}"
EndProject
Project("{FAE04EC0-301F-11D3-BF4B-00C04F79EFBC}") = "ReadBeckhoffOnlineConfig", "ReadBeckhoffOnlineConfig\ReadBeckhoffOnlineConfig.csproj", "{7EB06769-54BB-421B-8EC6-3193E464DE22}"
EndProject
Project("{FAE04EC0-301F-11D3-BF4B-00C04F79EFBC}") = "TwinCatAdsCommunication", "TwinCatAdsCommunication\TwinCatAdsCommunication.csproj", "{1A46264D-C800-4916-98D2-1FCB2806E259}"
EndProject
Global
	GlobalSection(SolutionConfigurationPlatforms) = preSolution
		Debug|Any CPU = Debug|Any CPU
		Release|Any CPU = Release|Any CPU
	EndGlobalSection
	GlobalSection(ProjectConfigurationPlatforms) = postSolution
		{8C51DCAC-21EE-4D2D-B33D-EEB674CCF70A}.Debug|Any CPU.ActiveCfg = Debug|Any CPU
		{8C51DCAC-21EE-4D2D-B33D-EEB674CCF70A}.Debug|Any CPU.Build.0 = Debug|Any CPU
		{8C51DCAC-21EE-4D2D-B33D-EEB674CCF70A}.Release|Any CPU.ActiveCfg = Release|Any CPU
		{8C51DCAC-21EE-4D2D-B33D-EEB674CCF70A}.Release|Any CPU.Build.0 = Release|Any CPU
		{DFE58BA5-C6BC-4F7C-9F59-9A260C8B7930}.Debug|Any CPU.ActiveCfg = Debug|Any CPU
		{DFE58BA5-C6BC-4F7C-9F59-9A260C8B7930}.Debug|Any CPU.Build.0 = Debug|Any CPU
		{DFE58BA5-C6BC-4F7C-9F59-9A260C8B7930}.Release|Any CPU.ActiveCfg = Release|Any CPU
		{DFE58BA5-C6BC-4F7C-9F59-9A260C8B7930}.Release|Any CPU.Build.0 = Release|Any CPU
		{7EB06769-54BB-421B-8EC6-3193E464DE22}.Debug|Any CPU.ActiveCfg = Debug|Any CPU
		{7EB06769-54BB-421B-8EC6-3193E464DE22}.Debug|Any CPU.Build.0 = Debug|Any CPU
		{7EB06769-54BB-421B-8EC6-3193E464DE22}.Release|Any CPU.ActiveCfg = Release|Any CPU
		{7EB06769-54BB-421B-8EC6-3193E464DE22}.Release|Any CPU.Build.0 = Release|Any CPU
		{1A46264D-C800-4916-98D2-1FCB2806E259}.Debug|Any CPU.ActiveCfg = Debug|Any CPU
		{1A46264D-C800-4916-98D2-1FCB2806E259}.Debug|Any CPU.Build.0 = Debug|Any CPU
		{1A46264D-C800-4916-98D2-1FCB2806E259}.Release|Any CPU.ActiveCfg = Release|Any CPU
		{1A46264D-C800-4916-98D2-1FCB2806E259}.Release|Any CPU.Build.0 = Release|Any CPU
	EndGlobalSection
	GlobalSection(SolutionProperties) = preSolution
		HideSolutionNode = FALSE
	EndGlobalSection
	GlobalSection(ExtensibilityGlobals) = postSolution
		SolutionGuid = {699BA2DA-9106-448D-A48A-A8280EB3F4BB}
	EndGlobalSection
EndGlobal
